
Microsoft Visual Studio Solution File, Format Version 12.00
# Visual Studio Version 17
VisualStudioVersion = 17.7.34018.315
MinimumVisualStudioVersion = 10.0.40219.1
Project("{FAE04EC0-301F-11D3-BF4B-00C04F79EFBC}") = "EmojiInput", "EmojiInput\EmojiInput.csproj", "{B3CD2F9B-8BE6-4A48-A9ED-F18975537F02}"
EndProject
Project("{FAE04EC0-301F-11D3-BF4B-00C04F79EFBC}") = "EmojiInput_Utils", "EmojiInput_Utils\EmojiInput_Utils.csproj", "{4C99EE8C-F283-4C96-8C7B-358EDA7A06C5}"
EndProject
Project("{FAE04EC0-301F-11D3-BF4B-00C04F79EFBC}") = "EmojiInput_Model", "EmojiInput_Model\EmojiInput_Model.csproj", "{82515C8C-C4D1-4D06-98DF-3ED3F082976A}"
EndProject
Global
	GlobalSection(SolutionConfigurationPlatforms) = preSolution
		Debug|Any CPU = Debug|Any CPU
		Release|Any CPU = Release|Any CPU
	EndGlobalSection
	GlobalSection(ProjectConfigurationPlatforms) = postSolution
		{B3CD2F9B-8BE6-4A48-A9ED-F18975537F02}.Debug|Any CPU.ActiveCfg = Debug|Any CPU
		{B3CD2F9B-8BE6-4A48-A9ED-F18975537F02}.Debug|Any CPU.Build.0 = Debug|Any CPU
		{B3CD2F9B-8BE6-4A48-A9ED-F18975537F02}.Release|Any CPU.ActiveCfg = Release|Any CPU
		{B3CD2F9B-8BE6-4A48-A9ED-F18975537F02}.Release|Any CPU.Build.0 = Release|Any CPU
		{4C99EE8C-F283-4C96-8C7B-358EDA7A06C5}.Debug|Any CPU.ActiveCfg = Debug|Any CPU
		{4C99EE8C-F283-4C96-8C7B-358EDA7A06C5}.Debug|Any CPU.Build.0 = Debug|Any CPU
		{4C99EE8C-F283-4C96-8C7B-358EDA7A06C5}.Release|Any CPU.ActiveCfg = Release|Any CPU
		{4C99EE8C-F283-4C96-8C7B-358EDA7A06C5}.Release|Any CPU.Build.0 = Release|Any CPU
		{82515C8C-C4D1-4D06-98DF-3ED3F082976A}.Debug|Any CPU.ActiveCfg = Debug|Any CPU
		{82515C8C-C4D1-4D06-98DF-3ED3F082976A}.Debug|Any CPU.Build.0 = Debug|Any CPU
		{82515C8C-C4D1-4D06-98DF-3ED3F082976A}.Release|Any CPU.ActiveCfg = Release|Any CPU
		{82515C8C-C4D1-4D06-98DF-3ED3F082976A}.Release|Any CPU.Build.0 = Release|Any CPU
	EndGlobalSection
	GlobalSection(SolutionProperties) = preSolution
		HideSolutionNode = FALSE
	EndGlobalSection
	GlobalSection(ExtensibilityGlobals) = postSolution
		SolutionGuid = {24E1B138-B35F-49F9-885E-9A2AB18707E5}
	EndGlobalSection
EndGlobal
